# This file is autogenerated, do not edit; changes may be undone by the next 'dep ensure'.


[[projects]]
  digest = "1:3a26588bc48b96825977c1b3df964f8fd842cd6860cc26370588d3563433cf11"
  name = "github.com/google/uuid"
  packages = ["."]
  pruneopts = "UT"
  revision = "d460ce9f8df2e77fb1ba55ca87fafed96c607494"
  version = "v1.0.0"

[[projects]]
  branch = "master"
  digest = "1:4cc492dc59eae18d3b05efc89f7ed68788258e34c5b0ea48834769fc823849e6"
  name = "github.com/tv42/zbase32"
  packages = ["."]
  pruneopts = "UT"
  revision = "501572607d0273fc75b3b261fa4904d63f6ffa0e"

[solve-meta]
  analyzer-name = "dep"
  analyzer-version = 1
  input-imports = [
    "github.com/google/uuid",
    "github.com/tv42/zbase32",
  ]
  solver-name = "gps-cdcl"
  solver-version = 1
